
Microsoft Visual Studio Solution File, Format Version 12.00
# Visual Studio Version 17
VisualStudioVersion = 17.7.34031.279
MinimumVisualStudioVersion = 10.0.40219.1
Project("{FAE04EC0-301F-11D3-BF4B-00C04F79EFBC}") = "Integrated_Pokedex", "Integrated_Pokedex\Integrated_Pokedex.csproj", "{D93D82F8-D676-4D2D-9686-32F8F39E0888}"
EndProject
Global
	GlobalSection(SolutionConfigurationPlatforms) = preSolution
		Debug|Any CPU = Debug|Any CPU
		Release|Any CPU = Release|Any CPU
	EndGlobalSection
	GlobalSection(ProjectConfigurationPlatforms) = postSolution
		{D93D82F8-D676-4D2D-9686-32F8F39E0888}.Debug|Any CPU.ActiveCfg = Debug|Any CPU
		{D93D82F8-D676-4D2D-9686-32F8F39E0888}.Debug|Any CPU.Build.0 = Debug|Any CPU
		{D93D82F8-D676-4D2D-9686-32F8F39E0888}.Release|Any CPU.ActiveCfg = Release|Any CPU
		{D93D82F8-D676-4D2D-9686-32F8F39E0888}.Release|Any CPU.Build.0 = Release|Any CPU
	EndGlobalSection
	GlobalSection(SolutionProperties) = preSolution
		HideSolutionNode = FALSE
	EndGlobalSection
	GlobalSection(ExtensibilityGlobals) = postSolution
		SolutionGuid = {55FC6157-8736-4809-A9EE-6856DC82B5F8}
	EndGlobalSection
EndGlobal
